
Microsoft Visual Studio Solution File, Format Version 12.00
# Visual Studio Version 17
VisualStudioVersion = 17.3.32929.385
MinimumVisualStudioVersion = 10.0.40219.1
Project("{FAE04EC0-301F-11D3-BF4B-00C04F79EFBC}") = "lab7.1(graph)", "lab7.1(graph)\lab7.1(graph).csproj", "{71663322-B8DD-419E-8F21-55533B8D4650}"
EndProject
Global
	GlobalSection(SolutionConfigurationPlatforms) = preSolution
		Debug|Any CPU = Debug|Any CPU
		Release|Any CPU = Release|Any CPU
	EndGlobalSection
	GlobalSection(ProjectConfigurationPlatforms) = postSolution
		{71663322-B8DD-419E-8F21-55533B8D4650}.Debug|Any CPU.ActiveCfg = Debug|Any CPU
		{71663322-B8DD-419E-8F21-55533B8D4650}.Debug|Any CPU.Build.0 = Debug|Any CPU
		{71663322-B8DD-419E-8F21-55533B8D4650}.Release|Any CPU.ActiveCfg = Release|Any CPU
		{71663322-B8DD-419E-8F21-55533B8D4650}.Release|Any CPU.Build.0 = Release|Any CPU
	EndGlobalSection
	GlobalSection(SolutionProperties) = preSolution
		HideSolutionNode = FALSE
	EndGlobalSection
	GlobalSection(ExtensibilityGlobals) = postSolution
		SolutionGuid = {E115D235-5804-4888-ACE7-AA718C1543D0}
	EndGlobalSection
EndGlobal
